<?xml version="1.0" encoding="UTF-8" standalone="yes" ?>
<CodeBlocks_project_file>
	<FileVersion major="1" minor="6" />
	<Project>
		<Option title="angielski" />
		<Option pch_mode="2" />
		<Option compiler="gcc" />
		<Build>
			<Target title="Debug">
				<Option output="bin/Debug/angielski" prefix_auto="1" extension_auto="1" />
				<Option object_output="obj/Debug/" />
				<Option type="1" />
				<Option compiler="gcc" />
				<Compiler>
					<Add option="-g" />
					<Add directory="include" />
				</Compiler>
			</Target>
			<Target title="Release">
				<Option output="bin/Release/angielski" prefix_auto="1" extension_auto="1" />
				<Option object_output="obj/Release/" />
				<Option type="1" />
				<Option compiler="gcc" />
				<Compiler>
					<Add option="-O2" />
					<Add directory="include" />
				</Compiler>
				<Linker>
					<Add option="-s" />
				</Linker>
			</Target>
		</Build>
		<Compiler>
			<Add option="-Wall" />
			<Add option="-fexceptions" />
		</Compiler>
		<Unit filename="include/AuxiliaryMethods.h" />
		<Unit filename="include/Budget.h" />
		<Unit filename="include/BudgetMangager.h" />
		<Unit filename="include/Expense.h" />
		<Unit filename="include/FileWithExpense.h" />
		<Unit filename="include/FileWithIncome.h" />
		<Unit filename="include/FileWithUsers.h" />
		<Unit filename="include/Files.h" />
		<Unit filename="include/Income.h" />
		<Unit filename="include/Markup.h" />
		<Unit filename="include/User.h" />
		<Unit filename="include/UserManager.h" />
		<Unit filename="main.cpp" />
		<Unit filename="src/AuxiliaryMethods.cpp" />
		<Unit filename="src/Budget.cpp" />
		<Unit filename="src/BudgetMangager.cpp" />
		<Unit filename="src/Expense.cpp" />
		<Unit filename="src/FileWithExpense.cpp" />
		<Unit filename="src/FileWithIncome.cpp" />
		<Unit filename="src/FileWithUsers.cpp" />
		<Unit filename="src/Files.cpp" />
		<Unit filename="src/Income.cpp" />
		<Unit filename="src/Markup.cpp" />
		<Unit filename="src/User.cpp" />
		<Unit filename="src/UserManager.cpp" />
		<Extensions>
			<lib_finder disable_auto="1" />
		</Extensions>
	</Project>
</CodeBlocks_project_file>
